{
  "image": "nixery.dev/shell/bashinteractive/coreutils/python3/util-linux/libcap/curl@sha256:6b399095ab2b14b40f568778f09f87b3b3e0229e9efb1e5e86bd2cca156c034e",
  "method": "nixery",
  "package_digest": "sha256:d4c51ea9ec6b1d315b601dc39a805db0d13b36967267a77deca8be960ea139d7",
  "packages": [
    "bashInteractive",
    "coreutils",
    "python3",
    "util-linux",
    "libcap",
    "curl"
  ],
  "resolved_at": 1790473568.7330263,
  "store_paths": [
    "/nix/store/0ksa3i39aqkwdrh2q0s1svwymhc1w3dm-libxcrypt-4.5.2",
    "/nix/store/0minj1ypl50k4zl85gsngfw0z0y9ddg0-util-linux-minimal-2.42",
    "/nix/store/0r6k8xa2kgqyp3r4v2w7yrb80ma2iawm-python3-3.13.12",
    "/nix/store/0v5qkwsrg20cmfa9a7nsjarifymdb15c-libcap-ng-0.9.2",
    "/nix/store/133x0z91pizyk8zr4l2ccgqlclpkp1lj-nghttp3-1.15.0",
    "/nix/store/1rdzdx1mp4liagq8dqhi4ljij9cblmwy-iana-etc-20251215",
    "/nix/store/291rd5nk7hkhcpzbh7pxqiz75xikdll3-util-linux-minimal-2.42-lib",
    "/nix/store/2amncb4zvr32gm5d2i8m6gz29c02cn61-bzip2-1.0.8",
    "/nix/store/2iaawa9vbqas51lgpn4cjnnfdv74x8fn-ncurses-6.6",
    "/nix/store/3vclaz2hxv6mhi25ww2nrgk0ch2lvfkj-util-linux-2.42-login",
    "/nix/store/47h2ny0j1xbz879a9s7s55fyv3zawr3r-readline-8.3p3",
    "/nix/store/4bwbk4an4bx7cb8xwffghvjjyfyl7m2i-bash-interactive-5.3p9",
    "/nix/store/4iazbvz8d907sdvbq6x9s39qcmi7bqi2-util-linux-2.42-lib",
    "/nix/store/4m49ym03d370vczvzk73icl4hqzjq1wp-perl5.42.0-Time-Duration-1.21",
    "/nix/store/4scs7wp5qhg7dylh3263n8himd5prwpv-moreutils-0.70",
    "/nix/store/5087xk8l09k90gddzw8y9b4yypyn23a5-sqlite-3.51.2",
    "/nix/store/51i8gqxqi70c60mis05pyz85z87f6pkz-util-linux-minimal-2.42-login",
    "/nix/store/5yypk94lvsbvskjz5xyav09j5ydxm8za-gmp-with-cxx-6.3.0",
    "/nix/store/79kr7fafcvvmch13cyczpckz40159pk5-libpsl-0.21.5",
    "/nix/store/7d70r8f3dz9j98piwb5mygd7psbgbrb5-libmd-1.1.0",
    "/nix/store/7ff90dag7i173s49c5m614wny2lpps1l-brotli-1.2.0-lib",
    "/nix/store/8cr60j6q7rqmcy4k8l6l1cay9579kd6y-krb5-1.22.1-lib",
    "/nix/store/8w2bc84sdwzdb3ab31lyidax07kk4nlj-keyutils-1.6.3-lib",
    "/nix/store/8wf4hpgry7999a36xw1gvrg657vf6n3g-shadow-4.19.4",
    "/nix/store/9gh2l0an4zg9kazh03grvsyp9z6d8w4y-nano-9.0",
    "/nix/store/9jc7n564rzmwqglgf3b6yahbm1zbmmfr-db-4.8.30",
    "/nix/store/9lzm6krq5ikzbqbmazbh5jmzwph99rz3-libssh2-1.11.1",
    "/nix/store/9nryvpvnwawl348rdvhrrich4hk1j1gv-perl-5.42.0-env",
    "/nix/store/awzycf8568ykfv6jl8dhclx06ksykafw-perl5.42.0-IO-Tty-1.20",
    "/nix/store/b73wvf83q4cjwzz99pdanbl8qpfawr69-mailcap-2.1.54",
    "/nix/store/bga972bxjwkw2inv3hvi2k23ph7h8lrh-util-linux-2.42-mount",
    "/nix/store/bifwnk7bvspj2mqc1w7dcydz8lkvfy1q-acl-2.3.2",
    "/nix/store/cxjmhdbpy3bk12jc6lwpmcvlas76a7zm-tzdata-2026a",
    "/nix/store/dc2kidkyva5gzkjkkbw7x13d8nx19cif-file-5.45",
    "/nix/store/di77qljrzvd7xfgpx8lhr0np8sx383nl-util-linux-2.42-swap",
    "/nix/store/fjkx1l5cnskzrqacf08z7i8z17256w0j-glibc-2.42-61",
    "/nix/store/g5sd94mk8w1a0wiipk81ri0prk136d32-ngtcp2-1.22.0",
    "/nix/store/g6q58mbnmi0f05xpm9nfvfhq963yv7wv-publicsuffix-list-0-unstable-2026-03-26",
    "/nix/store/g9h37kjrpvyzhsq4a79v2qkrpl4y1s7k-util-linux-2.42-bin",
    "/nix/store/hms747x82q23p2g6r6kgzqf7li2ryk39-nghttp2-1.68.1-lib",
    "/nix/store/hmslvsxvs2ijb7iw5krdckai2im6vp2y-xz-5.8.3",
    "/nix/store/hyai3q7gvdfppw4ky7s2mvhxvfyp5bh7-libffi-3.5.2",
    "/nix/store/i27rhb3nr65rkrwz36bchkwmav6ggsmn-bash-5.3p9",
    "/nix/store/i3p4h70l0qq32lizw0i4px8afn1y7g8w-systemd-minimal-libs-260.1",
    "/nix/store/i4gg1f526vl5psg5nqniflj4v77vc1kd-libunistring-1.4.2",
    "/nix/store/i89z4bx0m7frbm1wsxcwx5bfx9d8x3jb-perl-5.42.0-man",
    "/nix/store/ifnnbcb16638lirr25wx79g76c2kfwir-util-linux-2.42-lastlog",
    "/nix/store/ixhlv41i2wpl84xgjcks061dz4yssbg3-zlib-1.3.2",
    "/nix/store/jjxngswsb214vb58qx485jhmilf0kxxy-coreutils-9.10",
    "/nix/store/k0rqiflg1vkn1kj96br5pfxj40p3srz4-zstd-1.5.7",
    "/nix/store/k49jjy9bw0aqyhqa7c9iqzk7vdaxa0qx-libcap-2.77",
    "/nix/store/mm06as0yxf3xd86b5bkdfqhgq6xnjdsg-libbsd-0.12.2",
    "/nix/store/pa6n8nrmgq8jswk2pkrl5qprcls1r0ch-expat-2.7.5",
    "/nix/store/pf30k3mg7n6bibc1k6609gyq7glk00k2-glibc-2.42-61-bin",
    "/nix/store/pz6b64891m180yb4hadj1jjg3wm3ybng-curl-8.19.0",
    "/nix/store/q6vaqszw8wb3m1wmq8p38qbgc03f969y-audit-4.1.2-unstable-2025-09-06-lib",
    "/nix/store/qsdn4g854k8xnawghm7bq03dirq53mw4-linux-pam-1.7.1",
    "/nix/store/rnaq5b0la7pcq6hyf86iy8ihazgcamg6-gdbm-1.26-lib",
    "/nix/store/sgswwrxkhdlfskklqp4gsbi2cskfg07c-libidn2-2.3.8",
    "/nix/store/si4q3zks5mn5jhzzyri9hhd3cv789vlm-gcc-15.2.0-lib",
    "/nix/store/sl325r3s6d4gl9lmr2hwg2wgp2m0qs7c-attr-2.5.2",
    "/nix/store/sm2nq18jjqp4x0sxpl6lrvwl9rx6mvj2-curl-8.19.0-bin",
    "/nix/store/sw9g2m2f4xv8gbsh5yvl6vmn6ms7wghg-tcb-1.2",
    "/nix/store/vqi3ldqzxfbchfjkrifwjiqgbd0xbi96-perl5.42.0-TimeDate-2.33",
    "/nix/store/wbyqkb1vpm41s4jb8pv0i9h4jv08xdrv-openssl-3.6.1",
    "/nix/store/whr49vc1p0340hyv5jq2dgbclf3pg9fb-perl5.42.0-IPC-Run-20231003.0",
    "/nix/store/wrxyd3k2f4bmh52pr5rpdjxxsm5r2qxm-gcc-15.2.0-libgcc",
    "/nix/store/xc6nj52vhg4ndmyxw7c5q6iqm8jzrwdm-perl-5.42.0",
    "/nix/store/xx0z77494lfxr8qjwpck246fry05n3nm-xgcc-15.2.0-libgcc",
    "/nix/store/yw0fl2v8g35w2dii8phnr0fjb9nr1b0b-mpdecimal-4.0.1",
    "/nix/store/zg8zpf6wnhf2fhc0bk90yy88ls378v48-libcap-2.77-lib",
    "/nix/store/zp564phiicll8d53d973gbh8y3iiwlm7-nss-cacert-3.121",
    "/nix/store/zqixrd6slr9g3fpz7ivgvgvly5s4mcjd-util-linux-2.42"
  ]
}
